// !$*UTF8*$!
{
	archiveVersion = 1;
	classes = {
	};
	objectVersion = 56;
	objects = {

/* Begin PBXBuildFile section */
		1D10917F2B5A6D28006A6D99 /* AppDelegate.swift in Sources */ = {isa = PBXBuildFile; fileRef = 1D10917E2B5A6D28006A6D99 /* AppDelegate.swift */; };
		1D1091812B5A6D28006A6D99 /* SceneDelegate.swift in Sources */ = {isa = PBXBuildFile; fileRef = 1D1091802B5A6D28006A6D99 /* SceneDelegate.swift */; };
		1D1091832B5A6D28006A6D99 /* ViewController.swift in Sources */ = {isa = PBXBuildFile; fileRef = 1D1091822B5A6D28006A6D99 /* ViewController.swift */; };
		1D1091862B5A6D28006A6D99 /* Main.storyboard in Resources */ = {isa = PBXBuildFile; fileRef = 1D1091842B5A6D28006A6D99 /* Main.storyboard */; };
		1D1091882B5A6D29006A6D99 /* Assets.xcassets in Resources */ = {isa = PBXBuildFile; fileRef = 1D1091872B5A6D29006A6D99 /* Assets.xcassets */; };
		1D10918B2B5A6D29006A6D99 /* LaunchScreen.storyboard in Resources */ = {isa = PBXBuildFile; fileRef = 1D1091892B5A6D29006A6D99 /* LaunchScreen.storyboard */; };
		1D8E404E2B6C930B00A9522C /* CustomizedScanVC.swift in Sources */ = {isa = PBXBuildFile; fileRef = 1D8E404D2B6C930B00A9522C /* CustomizedScanVC.swift */; };
		1D8E40502B6CC6E500A9522C /* InheritScanVC.swift in Sources */ = {isa = PBXBuildFile; fileRef = 1D8E404F2B6CC6E500A9522C /* InheritScanVC.swift */; };
		1D9D93A22B6100F500E3864C /* GenerateCodeVC.swift in Sources */ = {isa = PBXBuildFile; fileRef = 1D9D93A12B6100F500E3864C /* GenerateCodeVC.swift */; };
		1DD53B712B96CA4200B69595 /* ScanAnimation.swift in Sources */ = {isa = PBXBuildFile; fileRef = 1DD53B6A2B96CA4200B69595 /* ScanAnimation.swift */; };
		1DD53B722B96CA4200B69595 /* ScanCommon.swift in Sources */ = {isa = PBXBuildFile; fileRef = 1DD53B6B2B96CA4200B69595 /* ScanCommon.swift */; };
		1DD53B732B96CA4200B69595 /* scanResource.bundle in Resources */ = {isa = PBXBuildFile; fileRef = 1DD53B6C2B96CA4200B69595 /* scanResource.bundle */; };
		1DD53B742B96CA4200B69595 /* ScanImageAction.swift in Sources */ = {isa = PBXBuildFile; fileRef = 1DD53B6D2B96CA4200B69595 /* ScanImageAction.swift */; };
		1DD53B752B96CA4200B69595 /* ScanAreaView.swift in Sources */ = {isa = PBXBuildFile; fileRef = 1DD53B6E2B96CA4200B69595 /* ScanAreaView.swift */; };
		1DD53B762B96CA4200B69595 /* ScanBaseVC.swift in Sources */ = {isa = PBXBuildFile; fileRef = 1DD53B6F2B96CA4200B69595 /* ScanBaseVC.swift */; };
		1DD53B772B96CA4200B69595 /* ScanCodeView.swift in Sources */ = {isa = PBXBuildFile; fileRef = 1DD53B702B96CA4200B69595 /* ScanCodeView.swift */; };
/* End PBXBuildFile section */

/* Begin PBXFileReference section */
		1D10917B2B5A6D28006A6D99 /* ScanCodePackageDemo.app */ = {isa = PBXFileReference; explicitFileType = wrapper.application; includeInIndex = 0; path = ScanCodePackageDemo.app; sourceTree = BUILT_PRODUCTS_DIR; };
		1D10917E2B5A6D28006A6D99 /* AppDelegate.swift */ = {isa = PBXFileReference; lastKnownFileType = sourcecode.swift; path = AppDelegate.swift; sourceTree = "<group>"; };
		1D1091802B5A6D28006A6D99 /* SceneDelegate.swift */ = {isa = PBXFileReference; lastKnownFileType = sourcecode.swift; path = SceneDelegate.swift; sourceTree = "<group>"; };
		1D1091822B5A6D28006A6D99 /* ViewController.swift */ = {isa = PBXFileReference; lastKnownFileType = sourcecode.swift; path = ViewController.swift; sourceTree = "<group>"; };
		1D1091852B5A6D28006A6D99 /* Base */ = {isa = PBXFileReference; lastKnownFileType = file.storyboard; name = Base; path = Base.lproj/Main.storyboard; sourceTree = "<group>"; };
		1D1091872B5A6D29006A6D99 /* Assets.xcassets */ = {isa = PBXFileReference; lastKnownFileType = folder.assetcatalog; path = Assets.xcassets; sourceTree = "<group>"; };
		1D10918A2B5A6D29006A6D99 /* Base */ = {isa = PBXFileReference; lastKnownFileType = file.storyboard; name = Base; path = Base.lproj/LaunchScreen.storyboard; sourceTree = "<group>"; };
		1D10918C2B5A6D29006A6D99 /* Info.plist */ = {isa = PBXFileReference; lastKnownFileType = text.plist.xml; path = Info.plist; sourceTree = "<group>"; };
		1D8E404D2B6C930B00A9522C /* CustomizedScanVC.swift */ = {isa = PBXFileReference; lastKnownFileType = sourcecode.swift; path = CustomizedScanVC.swift; sourceTree = "<group>"; };
		1D8E404F2B6CC6E500A9522C /* InheritScanVC.swift */ = {isa = PBXFileReference; lastKnownFileType = sourcecode.swift; path = InheritScanVC.swift; sourceTree = "<group>"; };
		1D9D93A12B6100F500E3864C /* GenerateCodeVC.swift */ = {isa = PBXFileReference; lastKnownFileType = sourcecode.swift; path = GenerateCodeVC.swift; sourceTree = "<group>"; };
		1DD53B6A2B96CA4200B69595 /* ScanAnimation.swift */ = {isa = PBXFileReference; fileEncoding = 4; lastKnownFileType = sourcecode.swift; path = ScanAnimation.swift; sourceTree = "<group>"; };
		1DD53B6B2B96CA4200B69595 /* ScanCommon.swift */ = {isa = PBXFileReference; fileEncoding = 4; lastKnownFileType = sourcecode.swift; path = ScanCommon.swift; sourceTree = "<group>"; };
		1DD53B6C2B96CA4200B69595 /* scanResource.bundle */ = {isa = PBXFileReference; lastKnownFileType = "wrapper.plug-in"; path = scanResource.bundle; sourceTree = "<group>"; };
		1DD53B6D2B96CA4200B69595 /* ScanImageAction.swift */ = {isa = PBXFileReference; fileEncoding = 4; lastKnownFileType = sourcecode.swift; path = ScanImageAction.swift; sourceTree = "<group>"; };
		1DD53B6E2B96CA4200B69595 /* ScanAreaView.swift */ = {isa = PBXFileReference; fileEncoding = 4; lastKnownFileType = sourcecode.swift; path = ScanAreaView.swift; sourceTree = "<group>"; };
		1DD53B6F2B96CA4200B69595 /* ScanBaseVC.swift */ = {isa = PBXFileReference; fileEncoding = 4; lastKnownFileType = sourcecode.swift; path = ScanBaseVC.swift; sourceTree = "<group>"; };
		1DD53B702B96CA4200B69595 /* ScanCodeView.swift */ = {isa = PBXFileReference; fileEncoding = 4; lastKnownFileType = sourcecode.swift; path = ScanCodeView.swift; sourceTree = "<group>"; };
/* End PBXFileReference section */

/* Begin PBXFrameworksBuildPhase section */
		1D1091782B5A6D28006A6D99 /* Frameworks */ = {
			isa = PBXFrameworksBuildPhase;
			buildActionMask = 2147483647;
			files = (
			);
			runOnlyForDeploymentPostprocessing = 0;
		};
/* End PBXFrameworksBuildPhase section */

/* Begin PBXGroup section */
		1D1091722B5A6D28006A6D99 = {
			isa = PBXGroup;
			children = (
				1DD53B692B96CA4200B69595 /* ScanCodePackage */,
				1D10917D2B5A6D28006A6D99 /* ScanCodePackageDemo */,
				1D10917C2B5A6D28006A6D99 /* Products */,
			);
			sourceTree = "<group>";
		};
		1D10917C2B5A6D28006A6D99 /* Products */ = {
			isa = PBXGroup;
			children = (
				1D10917B2B5A6D28006A6D99 /* ScanCodePackageDemo.app */,
			);
			name = Products;
			sourceTree = "<group>";
		};
		1D10917D2B5A6D28006A6D99 /* ScanCodePackageDemo */ = {
			isa = PBXGroup;
			children = (
				1D10917E2B5A6D28006A6D99 /* AppDelegate.swift */,
				1D1091802B5A6D28006A6D99 /* SceneDelegate.swift */,
				1D1091822B5A6D28006A6D99 /* ViewController.swift */,
				1D8E404D2B6C930B00A9522C /* CustomizedScanVC.swift */,
				1D8E404F2B6CC6E500A9522C /* InheritScanVC.swift */,
				1D9D93A12B6100F500E3864C /* GenerateCodeVC.swift */,
				1D1091842B5A6D28006A6D99 /* Main.storyboard */,
				1D1091872B5A6D29006A6D99 /* Assets.xcassets */,
				1D1091892B5A6D29006A6D99 /* LaunchScreen.storyboard */,
				1D10918C2B5A6D29006A6D99 /* Info.plist */,
			);
			path = ScanCodePackageDemo;
			sourceTree = "<group>";
		};
		1DD53B692B96CA4200B69595 /* ScanCodePackage */ = {
			isa = PBXGroup;
			children = (
				1DD53B6A2B96CA4200B69595 /* ScanAnimation.swift */,
				1DD53B6B2B96CA4200B69595 /* ScanCommon.swift */,
				1DD53B6C2B96CA4200B69595 /* scanResource.bundle */,
				1DD53B6D2B96CA4200B69595 /* ScanImageAction.swift */,
				1DD53B6E2B96CA4200B69595 /* ScanAreaView.swift */,
				1DD53B6F2B96CA4200B69595 /* ScanBaseVC.swift */,
				1DD53B702B96CA4200B69595 /* ScanCodeView.swift */,
			);
			name = ScanCodePackage;
			path = ../Sources/ScanCodePackage;
			sourceTree = "<group>";
		};
/* End PBXGroup section */

/* Begin PBXNativeTarget section */
		1D10917A2B5A6D28006A6D99 /* ScanCodePackageDemo */ = {
			isa = PBXNativeTarget;
			buildConfigurationList = 1D10918F2B5A6D29006A6D99 /* Build configuration list for PBXNativeTarget "ScanCodePackageDemo" */;
			buildPhases = (
				1D1091772B5A6D28006A6D99 /* Sources */,
				1D1091782B5A6D28006A6D99 /* Frameworks */,
				1D1091792B5A6D28006A6D99 /* Resources */,
			);
			buildRules = (
			);
			dependencies = (
			);
			name = ScanCodePackageDemo;
			productName = ScanCodePackageDemo;
			productReference = 1D10917B2B5A6D28006A6D99 /* ScanCodePackageDemo.app */;
			productType = "com.apple.product-type.application";
		};
/* End PBXNativeTarget section */

/* Begin PBXProject section */
		1D1091732B5A6D28006A6D99 /* Project object */ = {
			isa = PBXProject;
			attributes = {
				BuildIndependentTargetsInParallel = 1;
				LastSwiftUpdateCheck = 1420;
				LastUpgradeCheck = 1420;
				TargetAttributes = {
					1D10917A2B5A6D28006A6D99 = {
						CreatedOnToolsVersion = 14.2;
					};
				};
			};
			buildConfigurationList = 1D1091762B5A6D28006A6D99 /* Build configuration list for PBXProject "ScanCodePackageDemo" */;
			compatibilityVersion = "Xcode 14.0";
			developmentRegion = en;
			hasScannedForEncodings = 0;
			knownRegions = (
				en,
				Base,
			);
			mainGroup = 1D1091722B5A6D28006A6D99;
			productRefGroup = 1D10917C2B5A6D28006A6D99 /* Products */;
			projectDirPath = "";
			projectRoot = "";
			targets = (
				1D10917A2B5A6D28006A6D99 /* ScanCodePackageDemo */,
			);
		};
/* End PBXProject section */

/* Begin PBXResourcesBuildPhase section */
		1D1091792B5A6D28006A6D99 /* Resources */ = {
			isa = PBXResourcesBuildPhase;
			buildActionMask = 2147483647;
			files = (
				1DD53B732B96CA4200B69595 /* scanResource.bundle in Resources */,
				1D10918B2B5A6D29006A6D99 /* LaunchScreen.storyboard in Resources */,
				1D1091882B5A6D29006A6D99 /* Assets.xcassets in Resources */,
				1D1091862B5A6D28006A6D99 /* Main.storyboard in Resources */,
			);
			runOnlyForDeploymentPostprocessing = 0;
		};
/* End PBXResourcesBuildPhase section */

/* Begin PBXSourcesBuildPhase section */
		1D1091772B5A6D28006A6D99 /* Sources */ = {
			isa = PBXSourcesBuildPhase;
			buildActionMask = 2147483647;
			files = (
				1D8E404E2B6C930B00A9522C /* CustomizedScanVC.swift in Sources */,
				1DD53B722B96CA4200B69595 /* ScanCommon.swift in Sources */,
				1D8E40502B6CC6E500A9522C /* InheritScanVC.swift in Sources */,
				1DD53B742B96CA4200B69595 /* ScanImageAction.swift in Sources */,
				1DD53B772B96CA4200B69595 /* ScanCodeView.swift in Sources */,
				1DD53B712B96CA4200B69595 /* ScanAnimation.swift in Sources */,
				1D1091832B5A6D28006A6D99 /* ViewController.swift in Sources */,
				1D10917F2B5A6D28006A6D99 /* AppDelegate.swift in Sources */,
				1D9D93A22B6100F500E3864C /* GenerateCodeVC.swift in Sources */,
				1DD53B762B96CA4200B69595 /* ScanBaseVC.swift in Sources */,
				1DD53B752B96CA4200B69595 /* ScanAreaView.swift in Sources */,
				1D1091812B5A6D28006A6D99 /* SceneDelegate.swift in Sources */,
			);
			runOnlyForDeploymentPostprocessing = 0;
		};
/* End PBXSourcesBuildPhase section */

/* Begin PBXVariantGroup section */
		1D1091842B5A6D28006A6D99 /* Main.storyboard */ = {
			isa = PBXVariantGroup;
			children = (
				1D1091852B5A6D28006A6D99 /* Base */,
			);
			name = Main.storyboard;
			sourceTree = "<group>";
		};
		1D1091892B5A6D29006A6D99 /* LaunchScreen.storyboard */ = {
			isa = PBXVariantGroup;
			children = (
				1D10918A2B5A6D29006A6D99 /* Base */,
			);
			name = LaunchScreen.storyboard;
			sourceTree = "<group>";
		};
/* End PBXVariantGroup section */

/* Begin XCBuildConfiguration section */
		1D10918D2B5A6D29006A6D99 /* Debug */ = {
			isa = XCBuildConfiguration;
			buildSettings = {
				ALWAYS_SEARCH_USER_PATHS = NO;
				CLANG_ANALYZER_NONNULL = YES;
				CLANG_ANALYZER_NUMBER_OBJECT_CONVERSION = YES_AGGRESSIVE;
				CLANG_CXX_LANGUAGE_STANDARD = "gnu++20";
				CLANG_ENABLE_MODULES = YES;
				CLANG_ENABLE_OBJC_ARC = YES;
				CLANG_ENABLE_OBJC_WEAK = YES;
				CLANG_WARN_BLOCK_CAPTURE_AUTORELEASING = YES;
				CLANG_WARN_BOOL_CONVERSION = YES;
				CLANG_WARN_COMMA = YES;
				CLANG_WARN_CONSTANT_CONVERSION = YES;
				CLANG_WARN_DEPRECATED_OBJC_IMPLEMENTATIONS = YES;
				CLANG_WARN_DIRECT_OBJC_ISA_USAGE = YES_ERROR;
				CLANG_WARN_DOCUMENTATION_COMMENTS = YES;
				CLANG_WARN_EMPTY_BODY = YES;
				CLANG_WARN_ENUM_CONVERSION = YES;
				CLANG_WARN_INFINITE_RECURSION = YES;
				CLANG_WARN_INT_CONVERSION = YES;
				CLANG_WARN_NON_LITERAL_NULL_CONVERSION = YES;
				CLANG_WARN_OBJC_IMPLICIT_RETAIN_SELF = YES;
				CLANG_WARN_OBJC_LITERAL_CONVERSION = YES;
				CLANG_WARN_OBJC_ROOT_CLASS = YES_ERROR;
				CLANG_WARN_QUOTED_INCLUDE_IN_FRAMEWORK_HEADER = YES;
				CLANG_WARN_RANGE_LOOP_ANALYSIS = YES;
				CLANG_WARN_STRICT_PROTOTYPES = YES;
				CLANG_WARN_SUSPICIOUS_MOVE = YES;
				CLANG_WARN_UNGUARDED_AVAILABILITY = YES_AGGRESSIVE;
				CLANG_WARN_UNREACHABLE_CODE = YES;
				CLANG_WARN__DUPLICATE_METHOD_MATCH = YES;
				COPY_PHASE_STRIP = NO;
				DEBUG_INFORMATION_FORMAT = dwarf;
				ENABLE_STRICT_OBJC_MSGSEND = YES;
				ENABLE_TESTABILITY = YES;
				GCC_C_LANGUAGE_STANDARD = gnu11;
				GCC_DYNAMIC_NO_PIC = NO;
				GCC_NO_COMMON_BLOCKS = YES;
				GCC_OPTIMIZATION_LEVEL = 0;
				GCC_PREPROCESSOR_DEFINITIONS = (
					"DEBUG=1",
					"$(inherited)",
				);
				GCC_WARN_64_TO_32_BIT_CONVERSION = YES;
				GCC_WARN_ABOUT_RETURN_TYPE = YES_ERROR;
				GCC_WARN_UNDECLARED_SELECTOR = YES;
				GCC_WARN_UNINITIALIZED_AUTOS = YES_AGGRESSIVE;
				GCC_WARN_UNUSED_FUNCTION = YES;
				GCC_WARN_UNUSED_VARIABLE = YES;
				IPHONEOS_DEPLOYMENT_TARGET = 16.2;
				MTL_ENABLE_DEBUG_INFO = INCLUDE_SOURCE;
				MTL_FAST_MATH = YES;
				ONLY_ACTIVE_ARCH = YES;
				SDKROOT = iphoneos;
				SWIFT_ACTIVE_COMPILATION_CONDITIONS = DEBUG;
				SWIFT_OPTIMIZATION_LEVEL = "-Onone";
			};
			name = Debug;
		};
		1D10918E2B5A6D29006A6D99 /* Release */ = {
			isa = XCBuildConfiguration;
			buildSettings = {
				ALWAYS_SEARCH_USER_PATHS = NO;
				CLANG_ANALYZER_NONNULL = YES;
				CLANG_ANALYZER_NUMBER_OBJECT_CONVERSION = YES_AGGRESSIVE;
				CLANG_CXX_LANGUAGE_STANDARD = "gnu++20";
				CLANG_ENABLE_MODULES = YES;
				CLANG_ENABLE_OBJC_ARC = YES;
				CLANG_ENABLE_OBJC_WEAK = YES;
				CLANG_WARN_BLOCK_CAPTURE_AUTORELEASING = YES;
				CLANG_WARN_BOOL_CONVERSION = YES;
				CLANG_WARN_COMMA = YES;
				CLANG_WARN_CONSTANT_CONVERSION = YES;
				CLANG_WARN_DEPRECATED_OBJC_IMPLEMENTATIONS = YES;
				CLANG_WARN_DIRECT_OBJC_ISA_USAGE = YES_ERROR;
				CLANG_WARN_DOCUMENTATION_COMMENTS = YES;
				CLANG_WARN_EMPTY_BODY = YES;
				CLANG_WARN_ENUM_CONVERSION = YES;
				CLANG_WARN_INFINITE_RECURSION = YES;
				CLANG_WARN_INT_CONVERSION = YES;
				CLANG_WARN_NON_LITERAL_NULL_CONVERSION = YES;
				CLANG_WARN_OBJC_IMPLICIT_RETAIN_SELF = YES;
				CLANG_WARN_OBJC_LITERAL_CONVERSION = YES;
				CLANG_WARN_OBJC_ROOT_CLASS = YES_ERROR;
				CLANG_WARN_QUOTED_INCLUDE_IN_FRAMEWORK_HEADER = YES;
				CLANG_WARN_RANGE_LOOP_ANALYSIS = YES;
				CLANG_WARN_STRICT_PROTOTYPES = YES;
				CLANG_WARN_SUSPICIOUS_MOVE = YES;
				CLANG_WARN_UNGUARDED_AVAILABILITY = YES_AGGRESSIVE;
				CLANG_WARN_UNREACHABLE_CODE = YES;
				CLANG_WARN__DUPLICATE_METHOD_MATCH = YES;
				COPY_PHASE_STRIP = NO;
				DEBUG_INFORMATION_FORMAT = "dwarf-with-dsym";
				ENABLE_NS_ASSERTIONS = NO;
				ENABLE_STRICT_OBJC_MSGSEND = YES;
				GCC_C_LANGUAGE_STANDARD = gnu11;
				GCC_NO_COMMON_BLOCKS = YES;
				GCC_WARN_64_TO_32_BIT_CONVERSION = YES;
				GCC_WARN_ABOUT_RETURN_TYPE = YES_ERROR;
				GCC_WARN_UNDECLARED_SELECTOR = YES;
				GCC_WARN_UNINITIALIZED_AUTOS = YES_AGGRESSIVE;
				GCC_WARN_UNUSED_FUNCTION = YES;
				GCC_WARN_UNUSED_VARIABLE = YES;
				IPHONEOS_DEPLOYMENT_TARGET = 16.2;
				MTL_ENABLE_DEBUG_INFO = NO;
				MTL_FAST_MATH = YES;
				SDKROOT = iphoneos;
				SWIFT_COMPILATION_MODE = wholemodule;
				SWIFT_OPTIMIZATION_LEVEL = "-O";
				VALIDATE_PRODUCT = YES;
			};
			name = Release;
		};
		1D1091902B5A6D29006A6D99 /* Debug */ = {
			isa = XCBuildConfiguration;
			buildSettings = {
				ASSETCATALOG_COMPILER_APPICON_NAME = AppIcon;
				ASSETCATALOG_COMPILER_GLOBAL_ACCENT_COLOR_NAME = AccentColor;
				CODE_SIGN_STYLE = Automatic;
				CURRENT_PROJECT_VERSION = 1;
				DEVELOPMENT_TEAM = Y6Z5PPXE9Q;
				GENERATE_INFOPLIST_FILE = YES;
				INFOPLIST_FILE = ScanCodePackageDemo/Info.plist;
				INFOPLIST_KEY_UIApplicationSupportsIndirectInputEvents = YES;
				INFOPLIST_KEY_UILaunchStoryboardName = LaunchScreen;
				INFOPLIST_KEY_UIMainStoryboardFile = Main;
				INFOPLIST_KEY_UISupportedInterfaceOrientations_iPad = "UIInterfaceOrientationPortrait UIInterfaceOrientationPortraitUpsideDown UIInterfaceOrientationLandscapeLeft UIInterfaceOrientationLandscapeRight";
				INFOPLIST_KEY_UISupportedInterfaceOrientations_iPhone = "UIInterfaceOrientationPortrait UIInterfaceOrientationLandscapeLeft UIInterfaceOrientationLandscapeRight";
				IPHONEOS_DEPLOYMENT_TARGET = 13.0;
				LD_RUNPATH_SEARCH_PATHS = (
					"$(inherited)",
					"@executable_path/Frameworks",
				);
				MARKETING_VERSION = 1.0;
				PRODUCT_BUNDLE_IDENTIFIER = com.sincetimes.ScanCodePackageDemo;
				PRODUCT_NAME = "$(TARGET_NAME)";
				SWIFT_EMIT_LOC_STRINGS = YES;
				SWIFT_VERSION = 5.0;
				TARGETED_DEVICE_FAMILY = "1,2";
			};
			name = Debug;
		};
		1D1091912B5A6D29006A6D99 /* Release */ = {
			isa = XCBuildConfiguration;
			buildSettings = {
				ASSETCATALOG_COMPILER_APPICON_NAME = AppIcon;
				ASSETCATALOG_COMPILER_GLOBAL_ACCENT_COLOR_NAME = AccentColor;
				CODE_SIGN_STYLE = Automatic;
				CURRENT_PROJECT_VERSION = 1;
				DEVELOPMENT_TEAM = Y6Z5PPXE9Q;
				GENERATE_INFOPLIST_FILE = YES;
				INFOPLIST_FILE = ScanCodePackageDemo/Info.plist;
				INFOPLIST_KEY_UIApplicationSupportsIndirectInputEvents = YES;
				INFOPLIST_KEY_UILaunchStoryboardName = LaunchScreen;
				INFOPLIST_KEY_UIMainStoryboardFile = Main;
				INFOPLIST_KEY_UISupportedInterfaceOrientations_iPad = "UIInterfaceOrientationPortrait UIInterfaceOrientationPortraitUpsideDown UIInterfaceOrientationLandscapeLeft UIInterfaceOrientationLandscapeRight";
				INFOPLIST_KEY_UISupportedInterfaceOrientations_iPhone = "UIInterfaceOrientationPortrait UIInterfaceOrientationLandscapeLeft UIInterfaceOrientationLandscapeRight";
				IPHONEOS_DEPLOYMENT_TARGET = 13.0;
				LD_RUNPATH_SEARCH_PATHS = (
					"$(inherited)",
					"@executable_path/Frameworks",
				);
				MARKETING_VERSION = 1.0;
				PRODUCT_BUNDLE_IDENTIFIER = com.sincetimes.ScanCodePackageDemo;
				PRODUCT_NAME = "$(TARGET_NAME)";
				SWIFT_EMIT_LOC_STRINGS = YES;
				SWIFT_VERSION = 5.0;
				TARGETED_DEVICE_FAMILY = "1,2";
			};
			name = Release;
		};
/* End XCBuildConfiguration section */

/* Begin XCConfigurationList section */
		1D1091762B5A6D28006A6D99 /* Build configuration list for PBXProject "ScanCodePackageDemo" */ = {
			isa = XCConfigurationList;
			buildConfigurations = (
				1D10918D2B5A6D29006A6D99 /* Debug */,
				1D10918E2B5A6D29006A6D99 /* Release */,
			);
			defaultConfigurationIsVisible = 0;
			defaultConfigurationName = Release;
		};
		1D10918F2B5A6D29006A6D99 /* Build configuration list for PBXNativeTarget "ScanCodePackageDemo" */ = {
			isa = XCConfigurationList;
			buildConfigurations = (
				1D1091902B5A6D29006A6D99 /* Debug */,
				1D1091912B5A6D29006A6D99 /* Release */,
			);
			defaultConfigurationIsVisible = 0;
			defaultConfigurationName = Release;
		};
/* End XCConfigurationList section */
	};
	rootObject = 1D1091732B5A6D28006A6D99 /* Project object */;
}
